{
  "lockfileVersion": 1,
  "configVersion": 1,
  "workspaces": {
    "": {
      "name": "kahootclone",
      "dependencies": {
        "openai": "^7.17.0",
      },
    },
  },
  "packages": {
    "openai": ["openai@7.17.0", "", { "peerDependencies": { "@aws-sdk/credential-provider-node": ">=3.972.0 <4", "@smithy/hash-node": ">=4.3.0 <5", "@smithy/signature-v4": ">=5.4.0 <6", "undici": ">=5 <9", "ws": "^8.21.0", "zod": "^3.25 || ^4.0" }, "optionalPeers": ["@aws-sdk/credential-provider-node", "@smithy/hash-node", "@smithy/signature-v4", "undici", "ws", "zod"] }, "sha512-w1FD52GfPRIFJsWebDha43/Bs2Xx7rwtbG33jXTIgXdKpHqOA8G9XPqFEH0OXcoPgdfsiN+BbHkoJMY3rmcJnA=="],
  }
}
